
Microsoft Visual Studio Solution File, Format Version 12.00
# Visual Studio 2013
VisualStudioVersion = 12.0.31101.0
MinimumVisualStudioVersion = 10.0.40219.1
Project("{FAE04EC0-301F-11D3-BF4B-00C04F79EFBC}") = "WebRPC", "WebRPC\WebRPC.csproj", "{1E11F87C-F287-414D-A537-2223C186E97D}"
EndProject
Global
	GlobalSection(TeamFoundationVersionControl) = preSolution
		SccNumberOfProjects = 2
		SccEnterpriseProvider = {4CA58AB2-18FA-4F8D-95D4-32DDF27D184C}
		SccTeamFoundationServer = http://sntmcdtfs3:8080/tfs/mcdean%20software
		SccLocalPath0 = .
		SccProjectUniqueName1 = WebRPC\\WebRPC.csproj
		SccProjectName1 = WebRPC
		SccLocalPath1 = WebRPC
	EndGlobalSection
	GlobalSection(SolutionConfigurationPlatforms) = preSolution
		Debug|Any CPU = Debug|Any CPU
		Release|Any CPU = Release|Any CPU
	EndGlobalSection
	GlobalSection(ProjectConfigurationPlatforms) = postSolution
		{1E11F87C-F287-414D-A537-2223C186E97D}.Debug|Any CPU.ActiveCfg = Debug|Any CPU
		{1E11F87C-F287-414D-A537-2223C186E97D}.Debug|Any CPU.Build.0 = Debug|Any CPU
		{1E11F87C-F287-414D-A537-2223C186E97D}.Release|Any CPU.ActiveCfg = Release|Any CPU
		{1E11F87C-F287-414D-A537-2223C186E97D}.Release|Any CPU.Build.0 = Release|Any CPU
	EndGlobalSection
	GlobalSection(SolutionProperties) = preSolution
		HideSolutionNode = FALSE
	EndGlobalSection
EndGlobal
